
Microsoft Visual Studio Solution File, Format Version 12.00
# Visual Studio 14
VisualStudioVersion = 14.0.25420.1
MinimumVisualStudioVersion = 10.0.40219.1
Project("{FAE04EC0-301F-11D3-BF4B-00C04F79EFBC}") = "Echarde.Net46", "src\Echarde.Net46\Echarde.Net46.csproj", "{F2F59328-84A2-4FC4-A720-1205A6F6CE77}"
EndProject
Project("{8BB2217D-0F2D-49D1-97BC-3654ED321F3B}") = "Echarde.NetStandard", "src\Echarde.NetStandard\Echarde.NetStandard.xproj", "{CAB55590-5C03-4721-8695-79FD194DB3AD}"
EndProject
Global
	GlobalSection(SolutionConfigurationPlatforms) = preSolution
		Debug|Any CPU = Debug|Any CPU
		Release|Any CPU = Release|Any CPU
	EndGlobalSection
	GlobalSection(ProjectConfigurationPlatforms) = postSolution
		{F2F59328-84A2-4FC4-A720-1205A6F6CE77}.Debug|Any CPU.ActiveCfg = Debug|Any CPU
		{F2F59328-84A2-4FC4-A720-1205A6F6CE77}.Debug|Any CPU.Build.0 = Debug|Any CPU
		{F2F59328-84A2-4FC4-A720-1205A6F6CE77}.Release|Any CPU.ActiveCfg = Release|Any CPU
		{F2F59328-84A2-4FC4-A720-1205A6F6CE77}.Release|Any CPU.Build.0 = Release|Any CPU
		{CAB55590-5C03-4721-8695-79FD194DB3AD}.Debug|Any CPU.ActiveCfg = Debug|Any CPU
		{CAB55590-5C03-4721-8695-79FD194DB3AD}.Debug|Any CPU.Build.0 = Debug|Any CPU
		{CAB55590-5C03-4721-8695-79FD194DB3AD}.Release|Any CPU.ActiveCfg = Release|Any CPU
		{CAB55590-5C03-4721-8695-79FD194DB3AD}.Release|Any CPU.Build.0 = Release|Any CPU
	EndGlobalSection
	GlobalSection(SolutionProperties) = preSolution
		HideSolutionNode = FALSE
	EndGlobalSection
EndGlobal
